
Microsoft Visual Studio Solution File, Format Version 12.00
# Visual Studio Version 17
VisualStudioVersion = 17.8.34322.80
MinimumVisualStudioVersion = 10.0.40219.1
Project("{9A19103F-16F7-4668-BE54-9A1E7A4F7556}") = "Eleventh_lesson", "Eleventh_lesson.csproj", "{56D615AB-BEA4-4E68-9ED0-6F55E9B77140}"
EndProject
Global
	GlobalSection(SolutionConfigurationPlatforms) = preSolution
		Debug|Any CPU = Debug|Any CPU
		Release|Any CPU = Release|Any CPU
	EndGlobalSection
	GlobalSection(ProjectConfigurationPlatforms) = postSolution
		{56D615AB-BEA4-4E68-9ED0-6F55E9B77140}.Debug|Any CPU.ActiveCfg = Debug|Any CPU
		{56D615AB-BEA4-4E68-9ED0-6F55E9B77140}.Debug|Any CPU.Build.0 = Debug|Any CPU
		{56D615AB-BEA4-4E68-9ED0-6F55E9B77140}.Release|Any CPU.ActiveCfg = Release|Any CPU
		{56D615AB-BEA4-4E68-9ED0-6F55E9B77140}.Release|Any CPU.Build.0 = Release|Any CPU
	EndGlobalSection
	GlobalSection(SolutionProperties) = preSolution
		HideSolutionNode = FALSE
	EndGlobalSection
	GlobalSection(ExtensibilityGlobals) = postSolution
		SolutionGuid = {04D621A0-9C3B-48AF-9347-DD00DB7F3D1E}
	EndGlobalSection
EndGlobal
